<Solution>
  <Project Path="Assembly-CSharp.csproj" />
  <Project Path="BzKovSoft.RagdollHelper.Editor.csproj" />
  <Project Path="Assembly-CSharp-Editor.csproj" />
  <Project Path="Unity.VSCode.Editor.csproj" />
  <Project Path="Facepunch Transport for Netcode for GameObjects.csproj" />
  <Project Path="Plugins.BackgroundRecompiler.Editor.csproj" />
</Solution>
